{
  "name": "GdeiAssistant",
  "lockfileVersion": 3,
  "requires": true,
  "packages": {
    "": {
      "dependencies": {
        "bootstrap": "^3.3.7",
        "cropperjs": "^2.1.0"
      }
    },
    "node_modules/@cropper/element": {
      "version": "2.1.0",
      "resolved": "https://registry.npmjs.org/@cropper/element/-/element-2.1.0.tgz",
      "integrity": "sha512-2zELddqHQNmlvkPoiYzE5nxEjPE+C8nXoTPuvV3FvLp3YjBinc7qb73Icg9UXP0o9qC4+h9q96JgGo0AyMO/Ng==",
      "license": "MIT",
      "dependencies": {
        "@cropper/utils": "^2.1.0"
      }
    },
    "node_modules/@cropper/element-canvas": {
      "version": "2.1.0",
      "resolved": "https://registry.npmjs.org/@cropper/element-canvas/-/element-canvas-2.1.0.tgz",
      "integrity": "sha512-el+rfJpZxsD2q5XxDBA4fRczcrOqB65Lb7roqXOq8LKufwf4bPWA9C6DjNJJahh/TP94dsLIEy3tSkgRMDv3Aw==",
      "license": "MIT",
      "dependencies": {
        "@cropper/element": "^2.1.0",
        "@cropper/utils": "^2.1.0"
      }
    },
    "node_modules/@cropper/element-crosshair": {
      "version": "2.1.0",
      "resolved": "https://registry.npmjs.org/@cropper/element-crosshair/-/element-crosshair-2.1.0.tgz",
      "integrity": "sha512-0V589dAx8uZAfvJwdINLn76gfPQEafPH94ukjJ76uX0FCUovLaAVX+VRD/MDSYn0Mza/xejzmL9Dhd1DfemvmA==",
      "license": "MIT",
      "dependencies": {
        "@cropper/element": "^2.1.0",
        "@cropper/utils": "^2.1.0"
      }
    },
    "node_modules/@cropper/element-grid": {
      "version": "2.1.0",
      "resolved": "https://registry.npmjs.org/@cropper/element-grid/-/element-grid-2.1.0.tgz",
      "integrity": "sha512-dEnk0rO+vp553LMvsPYgfrqVFcYXeVFrgFeavBYYEhAXtO40p7kN4rmLYLMMjaN+T/Mx2BATv6kUQpALKy2HLw==",
      "license": "MIT",
      "dependencies": {
        "@cropper/element": "^2.1.0",
        "@cropper/utils": "^2.1.0"
      }
    },
    "node_modules/@cropper/element-handle": {
      "version": "2.1.0",
      "resolved": "https://registry.npmjs.org/@cropper/element-handle/-/element-handle-2.1.0.tgz",
      "integrity": "sha512-8BklWA4C/2GGAULupIWleSnGutECvYt3vx9flodqDfZpDEozws4LgLqmmzVuQmVkRVUdLnXdtx28kjgWLtzkHg==",
      "license": "MIT",
      "dependencies": {
        "@cropper/element": "^2.1.0",
        "@cropper/utils": "^2.1.0"
      }
    },
    "node_modules/@cropper/element-image": {
      "version": "2.1.0",
      "resolved": "https://registry.npmjs.org/@cropper/element-image/-/element-image-2.1.0.tgz",
      "integrity": "sha512-mXOV8ixJvG0XtTxLebYAKDjEkFbFOQnsF02hXPZk1yQSV0J+LLhN7a2NePrtKnoTsEV19fhhX3UorMoyGGxvzg==",
      "license": "MIT",
      "dependencies": {
        "@cropper/element": "^2.1.0",
        "@cropper/element-canvas": "^2.1.0",
        "@cropper/utils": "^2.1.0"
      }
    },
    "node_modules/@cropper/element-selection": {
      "version": "2.1.0",
      "resolved": "https://registry.npmjs.org/@cropper/element-selection/-/element-selection-2.1.0.tgz",
      "integrity": "sha512-mtFtBl6HIa/s9TWohXw+Z5eJoeYTqylrIcHvS7oVv0uM7IyeRwBW65Q7z+KtLfq/LW+2Sw/XDyvR+VN/DawBPw==",
      "license": "MIT",
      "dependencies": {
        "@cropper/element": "^2.1.0",
        "@cropper/element-canvas": "^2.1.0",
        "@cropper/element-image": "^2.1.0",
        "@cropper/utils": "^2.1.0"
      }
    },
    "node_modules/@cropper/element-shade": {
      "version": "2.1.0",
      "resolved": "https://registry.npmjs.org/@cropper/element-shade/-/element-shade-2.1.0.tgz",
      "integrity": "sha512-zMdyqbb0lc0Vd1oj2Z1miIZvhyZG41OXMHvrNt0hNwblh0dVdrvtw48lnFDgRv+672vt2CNx7Q04GuvCQfPlgg==",
      "license": "MIT",
      "dependencies": {
        "@cropper/element": "^2.1.0",
        "@cropper/element-canvas": "^2.1.0",
        "@cropper/element-selection": "^2.1.0",
        "@cropper/utils": "^2.1.0"
      }
    },
    "node_modules/@cropper/element-viewer": {
      "version": "2.1.0",
      "resolved": "https://registry.npmjs.org/@cropper/element-viewer/-/element-viewer-2.1.0.tgz",
      "integrity": "sha512-XnxlQuqHitd1FOFZ6E0yXAF5NYd/LyIvONLLHI9p1rJw747WYKUPxQaSYtFKF7IOizJu/8mMj++Zc1dZ5ZP3YQ==",
      "license": "MIT",
      "dependencies": {
        "@cropper/element": "^2.1.0",
        "@cropper/element-canvas": "^2.1.0",
        "@cropper/element-image": "^2.1.0",
        "@cropper/element-selection": "^2.1.0",
        "@cropper/utils": "^2.1.0"
      }
    },
    "node_modules/@cropper/elements": {
      "version": "2.1.0",
      "resolved": "https://registry.npmjs.org/@cropper/elements/-/elements-2.1.0.tgz",
      "integrity": "sha512-qvzlYDn3VQgPPpsCu6Gi1XUO0v3vpXQFSjjxcVijbXeNsl/eiKrN7H9/CEiRgi5vr8kXfd7ZvgYxBjUBbH+y+w==",
      "license": "MIT",
      "dependencies": {
        "@cropper/element": "^2.1.0",
        "@cropper/element-canvas": "^2.1.0",
        "@cropper/element-crosshair": "^2.1.0",
        "@cropper/element-grid": "^2.1.0",
        "@cropper/element-handle": "^2.1.0",
        "@cropper/element-image": "^2.1.0",
        "@cropper/element-selection": "^2.1.0",
        "@cropper/element-shade": "^2.1.0",
        "@cropper/element-viewer": "^2.1.0"
      }
    },
    "node_modules/@cropper/utils": {
      "version": "2.1.0",
      "resolved": "https://registry.npmjs.org/@cropper/utils/-/utils-2.1.0.tgz",
      "integrity": "sha512-wLtpZ4/UWgo+fGmG8NBWge8x5ehjfDe9ovleDfLy8kpwFaw43XXOEXQtRL1UNr0u4JZxaeO8FcXcolRWUUrlRQ==",
      "license": "MIT"
    },
    "node_modules/bootstrap": {
      "version": "3.3.7",
      "resolved": "https://registry.npmjs.org/bootstrap/-/bootstrap-3.3.7.tgz",
      "integrity": "sha512-qcFaisBrcBhTFkz1IUnGDYnX6ZWfFzH8zOixUDtHW9Ip+r+7MfMFav2rzy7cIHc7rgIg7xjhWBoo1mS/U26j4g==",
      "deprecated": "This version of Bootstrap is no longer supported. Please upgrade to the latest version.",
      "license": "MIT",
      "engines": {
        "node": ">=0.10.1"
      }
    },
    "node_modules/cropperjs": {
      "version": "2.1.0",
      "resolved": "https://registry.npmjs.org/cropperjs/-/cropperjs-2.1.0.tgz",
      "integrity": "sha512-SsSDqdVRl+mjbIBkGWlk1gCGcc+HzBqCbH5EQ+1tkAFUdxq2KUGukXF1RqhmvXrrdrX7PDwSUkWgXS7E36KvGQ==",
      "license": "MIT",
      "dependencies": {
        "@cropper/elements": "^2.1.0",
        "@cropper/utils": "^2.1.0"
      }
    }
  }
}
